
Microsoft Visual Studio Solution File, Format Version 12.00
# Visual Studio Version 16
VisualStudioVersion = 16.0.30523.141
MinimumVisualStudioVersion = 10.0.40219.1
Project("{FAE04EC0-301F-11D3-BF4B-00C04F79EFBC}") = "WPFTest6", "WPFTest6.csproj", "{AB5CCEA6-358F-4F17-BCD0-57F779641241}"
EndProject
Global
	GlobalSection(SolutionConfigurationPlatforms) = preSolution
		Debug|Any CPU = Debug|Any CPU
		Release|Any CPU = Release|Any CPU
	EndGlobalSection
	GlobalSection(ProjectConfigurationPlatforms) = postSolution
		{AB5CCEA6-358F-4F17-BCD0-57F779641241}.Debug|Any CPU.ActiveCfg = Debug|Any CPU
		{AB5CCEA6-358F-4F17-BCD0-57F779641241}.Debug|Any CPU.Build.0 = Debug|Any CPU
		{AB5CCEA6-358F-4F17-BCD0-57F779641241}.Release|Any CPU.ActiveCfg = Release|Any CPU
		{AB5CCEA6-358F-4F17-BCD0-57F779641241}.Release|Any CPU.Build.0 = Release|Any CPU
	EndGlobalSection
	GlobalSection(SolutionProperties) = preSolution
		HideSolutionNode = FALSE
	EndGlobalSection
	GlobalSection(ExtensibilityGlobals) = postSolution
		SolutionGuid = {F518E7BA-57FE-4803-BED9-82C5608939F5}
	EndGlobalSection
EndGlobal
